<?xml version="1.0" encoding="utf-8"?>
<Project ToolsVersion="4.0" xmlns="http://schemas.microsoft.com/developer/msbuild/2003">
  <ItemGroup>
    <Filter Include="Source Files">
      <UniqueIdentifier>{4FC737F1-C7A5-4376-A066-2A32D752A2FF}</UniqueIdentifier>
      <Extensions>cpp;c;cc;cxx;def;odl;idl;hpj;bat;asm;asmx</Extensions>
    </Filter>
    <Filter Include="Header Files">
      <UniqueIdentifier>{93995380-89BD-4b04-88EB-625FBE52EBFB}</UniqueIdentifier>
      <Extensions>h;hh;hpp;hxx;hm;inl;inc;xsd</Extensions>
    </Filter>
    <Filter Include="Resource Files">
      <UniqueIdentifier>{67DA6AB6-F800-4c08-8B7A-83BB121AAD01}</UniqueIdentifier>
      <Extensions>rc;ico;cur;bmp;dlg;rc2;rct;bin;rgs;gif;jpg;jpeg;jpe;resx;tiff;tif;png;wav;mfcribbon-ms</Extensions>
    </Filter>
    <Filter Include="Header Files\Framework">
      <UniqueIdentifier>{0f310370-da4f-4a40-b685-9ce99b114718}</UniqueIdentifier>
    </Filter>
    <Filter Include="Source Files\Framework">
      <UniqueIdentifier>{be9397e1-8e19-4084-9244-96bdce5ae11f}</UniqueIdentifier>
    </Filter>
    <Filter Include="Header Files\PongGame">
      <UniqueIdentifier>{652a33ca-202f-40d7-9943-da020dc33ba1}</UniqueIdentifier>
    </Filter>
    <Filter Include="Source Files\PongGame">
      <UniqueIdentifier>{63234d65-dae4-4eee-81e9-75cec546e333}</UniqueIdentifier>
    </Filter>
  </ItemGroup>
  <ItemGroup>
    <ClCompile Include="main.cpp">
      <Filter>Source Files</Filter>
    </ClCompile>
    <ClCompile Include="KhuGleWin.cpp">
      <Filter>Source Files\Framework</Filter>
    </ClCompile>
    <ClCompile Include="KhuGleBase.cpp">
      <Filter>Source Files\Framework</Filter>
    </ClCompile>
    <ClCompile Include="KhuGleComponent.cpp">
      <Filter>Source Files\Framework</Filter>
    </ClCompile>
    <ClCompile Include="KhuGleLayer.cpp">
      <Filter>Source Files\Framework</Filter>
    </ClCompile>
    <ClCompile Include="KhuGleScene.cpp">
      <Filter>Source Files\Framework</Filter>
    </ClCompile>
    <ClCompile Include="KhuGleSprite.cpp">
      <Filter>Source Files\Framework</Filter>
    </ClCompile>
    <ClCompile Include="PongGame.cpp">
      <Filter>Source Files\PongGame</Filter>
    </ClCompile>
    <ClCompile Include="Player.cpp">
      <Filter>Source Files\PongGame</Filter>
    </ClCompile>
  </ItemGroup>
  <ItemGroup>
    <ClInclude Include="stdafx.h">
      <Filter>Header Files</Filter>
    </ClInclude>
    <ClInclude Include="KhuGleWin.h">
      <Filter>Header Files\Framework</Filter>
    </ClInclude>
    <ClInclude Include="KhuGleBase.h">
      <Filter>Header Files\Framework</Filter>
    </ClInclude>
    <ClInclude Include="KhuGleComponent.h">
      <Filter>Header Files\Framework</Filter>
    </ClInclude>
    <ClInclude Include="KhuGleLayer.h">
      <Filter>Header Files\Framework</Filter>
    </ClInclude>
    <ClInclude Include="KhuGleScene.h">
      <Filter>Header Files\Framework</Filter>
    </ClInclude>
    <ClInclude Include="KhuGleSprite.h">
      <Filter>Header Files\Framework</Filter>
    </ClInclude>
    <ClInclude Include="PongGame.h">
      <Filter>Header Files\PongGame</Filter>
    </ClInclude>
    <ClInclude Include="Player.h">
      <Filter>Header Files\PongGame</Filter>
    </ClInclude>
  </ItemGroup>
</Project>